// !$*UTF8*$!
{
	archiveVersion = 1;
	classes = {
	};
	objectVersion = 51;
	objects = {

/* Begin PBXBuildFile section */
		458E2A5124E012A4006FCDA0 /* AppDelegate.swift in Sources */ = {isa = PBXBuildFile; fileRef = 458E2A5024E012A4006FCDA0 /* AppDelegate.swift */; };
		458E2A5524E012A4006FCDA0 /* ViewController.swift in Sources */ = {isa = PBXBuildFile; fileRef = 458E2A5424E012A4006FCDA0 /* ViewController.swift */; };
		458E2A5824E012A4006FCDA0 /* Main.storyboard in Resources */ = {isa = PBXBuildFile; fileRef = 458E2A5624E012A4006FCDA0 /* Main.storyboard */; };
		458E2A5A24E012A6006FCDA0 /* Assets.xcassets in Resources */ = {isa = PBXBuildFile; fileRef = 458E2A5924E012A6006FCDA0 /* Assets.xcassets */; };
		458E2A5D24E012A6006FCDA0 /* LaunchScreen.storyboard in Resources */ = {isa = PBXBuildFile; fileRef = 458E2A5B24E012A6006FCDA0 /* LaunchScreen.storyboard */; };
		458E2A6824E012A6006FCDA0 /* Lean_GameTests.swift in Sources */ = {isa = PBXBuildFile; fileRef = 458E2A6724E012A6006FCDA0 /* Lean_GameTests.swift */; };
		458E2AC124E01355006FCDA0 /* LeanApi.framework in Frameworks */ = {isa = PBXBuildFile; fileRef = 458E2AC024E01355006FCDA0 /* LeanApi.framework */; };
		458E2AC224E01355006FCDA0 /* LeanApi.framework in Embed Frameworks */ = {isa = PBXBuildFile; fileRef = 458E2AC024E01355006FCDA0 /* LeanApi.framework */; settings = {ATTRIBUTES = (CodeSignOnCopy, RemoveHeadersOnCopy, ); }; };
		458E2B7424E05F2B006FCDA0 /* LeanContract.framework in Frameworks */ = {isa = PBXBuildFile; fileRef = 458E2B7324E05F2B006FCDA0 /* LeanContract.framework */; };
		458E2B7524E05F2B006FCDA0 /* LeanContract.framework in Embed Frameworks */ = {isa = PBXBuildFile; fileRef = 458E2B7324E05F2B006FCDA0 /* LeanContract.framework */; settings = {ATTRIBUTES = (CodeSignOnCopy, RemoveHeadersOnCopy, ); }; };
/* End PBXBuildFile section */

/* Begin PBXContainerItemProxy section */
		458E2A6424E012A6006FCDA0 /* PBXContainerItemProxy */ = {
			isa = PBXContainerItemProxy;
			containerPortal = 458E2A4524E012A4006FCDA0 /* Project object */;
			proxyType = 1;
			remoteGlobalIDString = 458E2A4C24E012A4006FCDA0;
			remoteInfo = "Lean Game";
		};
/* End PBXContainerItemProxy section */

/* Begin PBXCopyFilesBuildPhase section */
		458E2AC324E01355006FCDA0 /* Embed Frameworks */ = {
			isa = PBXCopyFilesBuildPhase;
			buildActionMask = 2147483647;
			dstPath = "";
			dstSubfolderSpec = 10;
			files = (
				458E2B7524E05F2B006FCDA0 /* LeanContract.framework in Embed Frameworks */,
				458E2AC224E01355006FCDA0 /* LeanApi.framework in Embed Frameworks */,
			);
			name = "Embed Frameworks";
			runOnlyForDeploymentPostprocessing = 0;
		};
/* End PBXCopyFilesBuildPhase section */

/* Begin PBXFileReference section */
		458E2A4D24E012A4006FCDA0 /* Lean Game.app */ = {isa = PBXFileReference; explicitFileType = wrapper.application; includeInIndex = 0; path = "Lean Game.app"; sourceTree = BUILT_PRODUCTS_DIR; };
		458E2A5024E012A4006FCDA0 /* AppDelegate.swift */ = {isa = PBXFileReference; lastKnownFileType = sourcecode.swift; path = AppDelegate.swift; sourceTree = "<group>"; };
		458E2A5424E012A4006FCDA0 /* ViewController.swift */ = {isa = PBXFileReference; lastKnownFileType = sourcecode.swift; path = ViewController.swift; sourceTree = "<group>"; };
		458E2A5724E012A4006FCDA0 /* Base */ = {isa = PBXFileReference; lastKnownFileType = file.storyboard; name = Base; path = Base.lproj/Main.storyboard; sourceTree = "<group>"; };
		458E2A5924E012A6006FCDA0 /* Assets.xcassets */ = {isa = PBXFileReference; lastKnownFileType = folder.assetcatalog; path = Assets.xcassets; sourceTree = "<group>"; };
		458E2A5C24E012A6006FCDA0 /* Base */ = {isa = PBXFileReference; lastKnownFileType = file.storyboard; name = Base; path = Base.lproj/LaunchScreen.storyboard; sourceTree = "<group>"; };
		458E2A5E24E012A6006FCDA0 /* Info.plist */ = {isa = PBXFileReference; lastKnownFileType = text.plist.xml; path = Info.plist; sourceTree = "<group>"; };
		458E2A6324E012A6006FCDA0 /* Lean GameTests.xctest */ = {isa = PBXFileReference; explicitFileType = wrapper.cfbundle; includeInIndex = 0; path = "Lean GameTests.xctest"; sourceTree = BUILT_PRODUCTS_DIR; };
		458E2A6724E012A6006FCDA0 /* Lean_GameTests.swift */ = {isa = PBXFileReference; lastKnownFileType = sourcecode.swift; path = Lean_GameTests.swift; sourceTree = "<group>"; };
		458E2A6924E012A6006FCDA0 /* Info.plist */ = {isa = PBXFileReference; lastKnownFileType = text.plist.xml; path = Info.plist; sourceTree = "<group>"; };
		458E2AC024E01355006FCDA0 /* LeanApi.framework */ = {isa = PBXFileReference; explicitFileType = wrapper.framework; path = LeanApi.framework; sourceTree = BUILT_PRODUCTS_DIR; };
		458E2AC424E01359006FCDA0 /* LeanModel.framework */ = {isa = PBXFileReference; explicitFileType = wrapper.framework; path = LeanModel.framework; sourceTree = BUILT_PRODUCTS_DIR; };
		458E2B7324E05F2B006FCDA0 /* LeanContract.framework */ = {isa = PBXFileReference; explicitFileType = wrapper.framework; path = LeanContract.framework; sourceTree = BUILT_PRODUCTS_DIR; };
/* End PBXFileReference section */

/* Begin PBXFrameworksBuildPhase section */
		458E2A4A24E012A4006FCDA0 /* Frameworks */ = {
			isa = PBXFrameworksBuildPhase;
			buildActionMask = 2147483647;
			files = (
				458E2B7424E05F2B006FCDA0 /* LeanContract.framework in Frameworks */,
				458E2AC124E01355006FCDA0 /* LeanApi.framework in Frameworks */,
			);
			runOnlyForDeploymentPostprocessing = 0;
		};
		458E2A6024E012A6006FCDA0 /* Frameworks */ = {
			isa = PBXFrameworksBuildPhase;
			buildActionMask = 2147483647;
			files = (
			);
			runOnlyForDeploymentPostprocessing = 0;
		};
/* End PBXFrameworksBuildPhase section */

/* Begin PBXGroup section */
		458E2A4424E012A4006FCDA0 = {
			isa = PBXGroup;
			children = (
				458E2A4F24E012A4006FCDA0 /* Lean Game */,
				458E2A6624E012A6006FCDA0 /* Lean GameTests */,
				458E2A4E24E012A4006FCDA0 /* Products */,
				458E2ABF24E01355006FCDA0 /* Frameworks */,
			);
			sourceTree = "<group>";
		};
		458E2A4E24E012A4006FCDA0 /* Products */ = {
			isa = PBXGroup;
			children = (
				458E2A4D24E012A4006FCDA0 /* Lean Game.app */,
				458E2A6324E012A6006FCDA0 /* Lean GameTests.xctest */,
			);
			name = Products;
			sourceTree = "<group>";
		};
		458E2A4F24E012A4006FCDA0 /* Lean Game */ = {
			isa = PBXGroup;
			children = (
				458E2A5024E012A4006FCDA0 /* AppDelegate.swift */,
				458E2A5424E012A4006FCDA0 /* ViewController.swift */,
				458E2A5624E012A4006FCDA0 /* Main.storyboard */,
				458E2A5924E012A6006FCDA0 /* Assets.xcassets */,
				458E2A5B24E012A6006FCDA0 /* LaunchScreen.storyboard */,
				458E2A5E24E012A6006FCDA0 /* Info.plist */,
			);
			path = "Lean Game";
			sourceTree = "<group>";
		};
		458E2A6624E012A6006FCDA0 /* Lean GameTests */ = {
			isa = PBXGroup;
			children = (
				458E2A6724E012A6006FCDA0 /* Lean_GameTests.swift */,
				458E2A6924E012A6006FCDA0 /* Info.plist */,
			);
			path = "Lean GameTests";
			sourceTree = "<group>";
		};
		458E2ABF24E01355006FCDA0 /* Frameworks */ = {
			isa = PBXGroup;
			children = (
				458E2B7324E05F2B006FCDA0 /* LeanContract.framework */,
				458E2AC424E01359006FCDA0 /* LeanModel.framework */,
				458E2AC024E01355006FCDA0 /* LeanApi.framework */,
			);
			name = Frameworks;
			sourceTree = "<group>";
		};
/* End PBXGroup section */

/* Begin PBXNativeTarget section */
		458E2A4C24E012A4006FCDA0 /* Lean Game */ = {
			isa = PBXNativeTarget;
			buildConfigurationList = 458E2A6C24E012A6006FCDA0 /* Build configuration list for PBXNativeTarget "Lean Game" */;
			buildPhases = (
				458E2A4924E012A4006FCDA0 /* Sources */,
				458E2A4A24E012A4006FCDA0 /* Frameworks */,
				458E2A4B24E012A4006FCDA0 /* Resources */,
				458E2AC324E01355006FCDA0 /* Embed Frameworks */,
				457AC3C324E0659D002D7F48 /* Carthage Run Script */,
			);
			buildRules = (
			);
			dependencies = (
			);
			name = "Lean Game";
			productName = "Lean Game";
			productReference = 458E2A4D24E012A4006FCDA0 /* Lean Game.app */;
			productType = "com.apple.product-type.application";
		};
		458E2A6224E012A6006FCDA0 /* Lean GameTests */ = {
			isa = PBXNativeTarget;
			buildConfigurationList = 458E2A6F24E012A6006FCDA0 /* Build configuration list for PBXNativeTarget "Lean GameTests" */;
			buildPhases = (
				458E2A5F24E012A6006FCDA0 /* Sources */,
				458E2A6024E012A6006FCDA0 /* Frameworks */,
				458E2A6124E012A6006FCDA0 /* Resources */,
			);
			buildRules = (
			);
			dependencies = (
				458E2A6524E012A6006FCDA0 /* PBXTargetDependency */,
			);
			name = "Lean GameTests";
			productName = "Lean GameTests";
			productReference = 458E2A6324E012A6006FCDA0 /* Lean GameTests.xctest */;
			productType = "com.apple.product-type.bundle.unit-test";
		};
/* End PBXNativeTarget section */

/* Begin PBXProject section */
		458E2A4524E012A4006FCDA0 /* Project object */ = {
			isa = PBXProject;
			attributes = {
				LastSwiftUpdateCheck = 1160;
				LastUpgradeCheck = 1160;
				ORGANIZATIONNAME = "Mustafa Kocak";
				TargetAttributes = {
					458E2A4C24E012A4006FCDA0 = {
						CreatedOnToolsVersion = 11.6;
					};
					458E2A6224E012A6006FCDA0 = {
						CreatedOnToolsVersion = 11.6;
						TestTargetID = 458E2A4C24E012A4006FCDA0;
					};
				};
			};
			buildConfigurationList = 458E2A4824E012A4006FCDA0 /* Build configuration list for PBXProject "Lean Game" */;
			compatibilityVersion = "Xcode 9.3";
			developmentRegion = en;
			hasScannedForEncodings = 0;
			knownRegions = (
				en,
				Base,
			);
			mainGroup = 458E2A4424E012A4006FCDA0;
			productRefGroup = 458E2A4E24E012A4006FCDA0 /* Products */;
			projectDirPath = "";
			projectRoot = "";
			targets = (
				458E2A4C24E012A4006FCDA0 /* Lean Game */,
				458E2A6224E012A6006FCDA0 /* Lean GameTests */,
			);
		};
/* End PBXProject section */

/* Begin PBXResourcesBuildPhase section */
		458E2A4B24E012A4006FCDA0 /* Resources */ = {
			isa = PBXResourcesBuildPhase;
			buildActionMask = 2147483647;
			files = (
				458E2A5D24E012A6006FCDA0 /* LaunchScreen.storyboard in Resources */,
				458E2A5A24E012A6006FCDA0 /* Assets.xcassets in Resources */,
				458E2A5824E012A4006FCDA0 /* Main.storyboard in Resources */,
			);
			runOnlyForDeploymentPostprocessing = 0;
		};
		458E2A6124E012A6006FCDA0 /* Resources */ = {
			isa = PBXResourcesBuildPhase;
			buildActionMask = 2147483647;
			files = (
			);
			runOnlyForDeploymentPostprocessing = 0;
		};
/* End PBXResourcesBuildPhase section */

/* Begin PBXShellScriptBuildPhase section */
		457AC3C324E0659D002D7F48 /* Carthage Run Script */ = {
			isa = PBXShellScriptBuildPhase;
			buildActionMask = 2147483647;
			files = (
			);
			inputFileListPaths = (
			);
			inputPaths = (
				"$(SRCROOT)/../Carthage/Build/iOS/Alamofire.framework",
			);
			name = "Carthage Run Script";
			outputFileListPaths = (
				"",
			);
			outputPaths = (
				"$(BUILT_PRODUCTS_DIR)/$(FRAMEWORKS_FOLDER_PATH)/Alamofire.framework",
			);
			runOnlyForDeploymentPostprocessing = 0;
			shellPath = /bin/sh;
			shellScript = "/usr/local/bin/carthage copy-frameworks\n";
		};
/* End PBXShellScriptBuildPhase section */

/* Begin PBXSourcesBuildPhase section */
		458E2A4924E012A4006FCDA0 /* Sources */ = {
			isa = PBXSourcesBuildPhase;
			buildActionMask = 2147483647;
			files = (
				458E2A5524E012A4006FCDA0 /* ViewController.swift in Sources */,
				458E2A5124E012A4006FCDA0 /* AppDelegate.swift in Sources */,
			);
			runOnlyForDeploymentPostprocessing = 0;
		};
		458E2A5F24E012A6006FCDA0 /* Sources */ = {
			isa = PBXSourcesBuildPhase;
			buildActionMask = 2147483647;
			files = (
				458E2A6824E012A6006FCDA0 /* Lean_GameTests.swift in Sources */,
			);
			runOnlyForDeploymentPostprocessing = 0;
		};
/* End PBXSourcesBuildPhase section */

/* Begin PBXTargetDependency section */
		458E2A6524E012A6006FCDA0 /* PBXTargetDependency */ = {
			isa = PBXTargetDependency;
			target = 458E2A4C24E012A4006FCDA0 /* Lean Game */;
			targetProxy = 458E2A6424E012A6006FCDA0 /* PBXContainerItemProxy */;
		};
/* End PBXTargetDependency section */

/* Begin PBXVariantGroup section */
		458E2A5624E012A4006FCDA0 /* Main.storyboard */ = {
			isa = PBXVariantGroup;
			children = (
				458E2A5724E012A4006FCDA0 /* Base */,
			);
			name = Main.storyboard;
			sourceTree = "<group>";
		};
		458E2A5B24E012A6006FCDA0 /* LaunchScreen.storyboard */ = {
			isa = PBXVariantGroup;
			children = (
				458E2A5C24E012A6006FCDA0 /* Base */,
			);
			name = LaunchScreen.storyboard;
			sourceTree = "<group>";
		};
/* End PBXVariantGroup section */

/* Begin XCBuildConfiguration section */
		458E2A6A24E012A6006FCDA0 /* Debug */ = {
			isa = XCBuildConfiguration;
			buildSettings = {
				ALWAYS_SEARCH_USER_PATHS = NO;
				CLANG_ANALYZER_NONNULL = YES;
				CLANG_ANALYZER_NUMBER_OBJECT_CONVERSION = YES_AGGRESSIVE;
				CLANG_CXX_LANGUAGE_STANDARD = "gnu++14";
				CLANG_CXX_LIBRARY = "libc++";
				CLANG_ENABLE_MODULES = YES;
				CLANG_ENABLE_OBJC_ARC = YES;
				CLANG_ENABLE_OBJC_WEAK = YES;
				CLANG_WARN_BLOCK_CAPTURE_AUTORELEASING = YES;
				CLANG_WARN_BOOL_CONVERSION = YES;
				CLANG_WARN_COMMA = YES;
				CLANG_WARN_CONSTANT_CONVERSION = YES;
				CLANG_WARN_DEPRECATED_OBJC_IMPLEMENTATIONS = YES;
				CLANG_WARN_DIRECT_OBJC_ISA_USAGE = YES_ERROR;
				CLANG_WARN_DOCUMENTATION_COMMENTS = YES;
				CLANG_WARN_EMPTY_BODY = YES;
				CLANG_WARN_ENUM_CONVERSION = YES;
				CLANG_WARN_INFINITE_RECURSION = YES;
				CLANG_WARN_INT_CONVERSION = YES;
				CLANG_WARN_NON_LITERAL_NULL_CONVERSION = YES;
				CLANG_WARN_OBJC_IMPLICIT_RETAIN_SELF = YES;
				CLANG_WARN_OBJC_LITERAL_CONVERSION = YES;
				CLANG_WARN_OBJC_ROOT_CLASS = YES_ERROR;
				CLANG_WARN_RANGE_LOOP_ANALYSIS = YES;
				CLANG_WARN_STRICT_PROTOTYPES = YES;
				CLANG_WARN_SUSPICIOUS_MOVE = YES;
				CLANG_WARN_UNGUARDED_AVAILABILITY = YES_AGGRESSIVE;
				CLANG_WARN_UNREACHABLE_CODE = YES;
				CLANG_WARN__DUPLICATE_METHOD_MATCH = YES;
				COPY_PHASE_STRIP = NO;
				DEBUG_INFORMATION_FORMAT = dwarf;
				ENABLE_STRICT_OBJC_MSGSEND = YES;
				ENABLE_TESTABILITY = YES;
				GCC_C_LANGUAGE_STANDARD = gnu11;
				GCC_DYNAMIC_NO_PIC = NO;
				GCC_NO_COMMON_BLOCKS = YES;
				GCC_OPTIMIZATION_LEVEL = 0;
				GCC_PREPROCESSOR_DEFINITIONS = (
					"DEBUG=1",
					"$(inherited)",
				);
				GCC_WARN_64_TO_32_BIT_CONVERSION = YES;
				GCC_WARN_ABOUT_RETURN_TYPE = YES_ERROR;
				GCC_WARN_UNDECLARED_SELECTOR = YES;
				GCC_WARN_UNINITIALIZED_AUTOS = YES_AGGRESSIVE;
				GCC_WARN_UNUSED_FUNCTION = YES;
				GCC_WARN_UNUSED_VARIABLE = YES;
				IPHONEOS_DEPLOYMENT_TARGET = 13.6;
				MTL_ENABLE_DEBUG_INFO = INCLUDE_SOURCE;
				MTL_FAST_MATH = YES;
				ONLY_ACTIVE_ARCH = YES;
				SDKROOT = iphoneos;
				SWIFT_ACTIVE_COMPILATION_CONDITIONS = DEBUG;
				SWIFT_OPTIMIZATION_LEVEL = "-Onone";
			};
			name = Debug;
		};
		458E2A6B24E012A6006FCDA0 /* Release */ = {
			isa = XCBuildConfiguration;
			buildSettings = {
				ALWAYS_SEARCH_USER_PATHS = NO;
				CLANG_ANALYZER_NONNULL = YES;
				CLANG_ANALYZER_NUMBER_OBJECT_CONVERSION = YES_AGGRESSIVE;
				CLANG_CXX_LANGUAGE_STANDARD = "gnu++14";
				CLANG_CXX_LIBRARY = "libc++";
				CLANG_ENABLE_MODULES = YES;
				CLANG_ENABLE_OBJC_ARC = YES;
				CLANG_ENABLE_OBJC_WEAK = YES;
				CLANG_WARN_BLOCK_CAPTURE_AUTORELEASING = YES;
				CLANG_WARN_BOOL_CONVERSION = YES;
				CLANG_WARN_COMMA = YES;
				CLANG_WARN_CONSTANT_CONVERSION = YES;
				CLANG_WARN_DEPRECATED_OBJC_IMPLEMENTATIONS = YES;
				CLANG_WARN_DIRECT_OBJC_ISA_USAGE = YES_ERROR;
				CLANG_WARN_DOCUMENTATION_COMMENTS = YES;
				CLANG_WARN_EMPTY_BODY = YES;
				CLANG_WARN_ENUM_CONVERSION = YES;
				CLANG_WARN_INFINITE_RECURSION = YES;
				CLANG_WARN_INT_CONVERSION = YES;
				CLANG_WARN_NON_LITERAL_NULL_CONVERSION = YES;
				CLANG_WARN_OBJC_IMPLICIT_RETAIN_SELF = YES;
				CLANG_WARN_OBJC_LITERAL_CONVERSION = YES;
				CLANG_WARN_OBJC_ROOT_CLASS = YES_ERROR;
				CLANG_WARN_RANGE_LOOP_ANALYSIS = YES;
				CLANG_WARN_STRICT_PROTOTYPES = YES;
				CLANG_WARN_SUSPICIOUS_MOVE = YES;
				CLANG_WARN_UNGUARDED_AVAILABILITY = YES_AGGRESSIVE;
				CLANG_WARN_UNREACHABLE_CODE = YES;
				CLANG_WARN__DUPLICATE_METHOD_MATCH = YES;
				COPY_PHASE_STRIP = NO;
				DEBUG_INFORMATION_FORMAT = "dwarf-with-dsym";
				ENABLE_NS_ASSERTIONS = NO;
				ENABLE_STRICT_OBJC_MSGSEND = YES;
				GCC_C_LANGUAGE_STANDARD = gnu11;
				GCC_NO_COMMON_BLOCKS = YES;
				GCC_WARN_64_TO_32_BIT_CONVERSION = YES;
				GCC_WARN_ABOUT_RETURN_TYPE = YES_ERROR;
				GCC_WARN_UNDECLARED_SELECTOR = YES;
				GCC_WARN_UNINITIALIZED_AUTOS = YES_AGGRESSIVE;
				GCC_WARN_UNUSED_FUNCTION = YES;
				GCC_WARN_UNUSED_VARIABLE = YES;
				IPHONEOS_DEPLOYMENT_TARGET = 13.6;
				MTL_ENABLE_DEBUG_INFO = NO;
				MTL_FAST_MATH = YES;
				SDKROOT = iphoneos;
				SWIFT_COMPILATION_MODE = wholemodule;
				SWIFT_OPTIMIZATION_LEVEL = "-O";
				VALIDATE_PRODUCT = YES;
			};
			name = Release;
		};
		458E2A6D24E012A6006FCDA0 /* Debug */ = {
			isa = XCBuildConfiguration;
			buildSettings = {
				ASSETCATALOG_COMPILER_APPICON_NAME = AppIcon;
				CODE_SIGN_STYLE = Automatic;
				DEVELOPMENT_TEAM = 9VJA9S5Z5G;
				FRAMEWORK_SEARCH_PATHS = "$(SRCROOT)/../Carthage/Build/iOS";
				INFOPLIST_FILE = "Lean Game/Info.plist";
				IPHONEOS_DEPLOYMENT_TARGET = 11.0;
				LD_RUNPATH_SEARCH_PATHS = (
					"$(inherited)",
					"@executable_path/Frameworks",
				);
				PRODUCT_BUNDLE_IDENTIFIER = kocakmstf.LeanGame;
				PRODUCT_NAME = "$(TARGET_NAME)";
				SWIFT_VERSION = 5.0;
				TARGETED_DEVICE_FAMILY = "1,2";
			};
			name = Debug;
		};
		458E2A6E24E012A6006FCDA0 /* Release */ = {
			isa = XCBuildConfiguration;
			buildSettings = {
				ASSETCATALOG_COMPILER_APPICON_NAME = AppIcon;
				CODE_SIGN_STYLE = Automatic;
				DEVELOPMENT_TEAM = 9VJA9S5Z5G;
				FRAMEWORK_SEARCH_PATHS = "$(SRCROOT)/../Carthage/Build/iOS";
				INFOPLIST_FILE = "Lean Game/Info.plist";
				IPHONEOS_DEPLOYMENT_TARGET = 11.0;
				LD_RUNPATH_SEARCH_PATHS = (
					"$(inherited)",
					"@executable_path/Frameworks",
				);
				PRODUCT_BUNDLE_IDENTIFIER = kocakmstf.LeanGame;
				PRODUCT_NAME = "$(TARGET_NAME)";
				SWIFT_VERSION = 5.0;
				TARGETED_DEVICE_FAMILY = "1,2";
			};
			name = Release;
		};
		458E2A7024E012A6006FCDA0 /* Debug */ = {
			isa = XCBuildConfiguration;
			buildSettings = {
				ALWAYS_EMBED_SWIFT_STANDARD_LIBRARIES = YES;
				BUNDLE_LOADER = "$(TEST_HOST)";
				CODE_SIGN_STYLE = Automatic;
				DEVELOPMENT_TEAM = 9VJA9S5Z5G;
				INFOPLIST_FILE = "Lean GameTests/Info.plist";
				IPHONEOS_DEPLOYMENT_TARGET = 13.6;
				LD_RUNPATH_SEARCH_PATHS = (
					"$(inherited)",
					"@executable_path/Frameworks",
					"@loader_path/Frameworks",
				);
				PRODUCT_BUNDLE_IDENTIFIER = "kocakmstf.Lean-GameTests";
				PRODUCT_NAME = "$(TARGET_NAME)";
				SWIFT_VERSION = 5.0;
				TARGETED_DEVICE_FAMILY = "1,2";
				TEST_HOST = "$(BUILT_PRODUCTS_DIR)/Lean Game.app/Lean Game";
			};
			name = Debug;
		};
		458E2A7124E012A6006FCDA0 /* Release */ = {
			isa = XCBuildConfiguration;
			buildSettings = {
				ALWAYS_EMBED_SWIFT_STANDARD_LIBRARIES = YES;
				BUNDLE_LOADER = "$(TEST_HOST)";
				CODE_SIGN_STYLE = Automatic;
				DEVELOPMENT_TEAM = 9VJA9S5Z5G;
				INFOPLIST_FILE = "Lean GameTests/Info.plist";
				IPHONEOS_DEPLOYMENT_TARGET = 13.6;
				LD_RUNPATH_SEARCH_PATHS = (
					"$(inherited)",
					"@executable_path/Frameworks",
					"@loader_path/Frameworks",
				);
				PRODUCT_BUNDLE_IDENTIFIER = "kocakmstf.Lean-GameTests";
				PRODUCT_NAME = "$(TARGET_NAME)";
				SWIFT_VERSION = 5.0;
				TARGETED_DEVICE_FAMILY = "1,2";
				TEST_HOST = "$(BUILT_PRODUCTS_DIR)/Lean Game.app/Lean Game";
			};
			name = Release;
		};
/* End XCBuildConfiguration section */

/* Begin XCConfigurationList section */
		458E2A4824E012A4006FCDA0 /* Build configuration list for PBXProject "Lean Game" */ = {
			isa = XCConfigurationList;
			buildConfigurations = (
				458E2A6A24E012A6006FCDA0 /* Debug */,
				458E2A6B24E012A6006FCDA0 /* Release */,
			);
			defaultConfigurationIsVisible = 0;
			defaultConfigurationName = Release;
		};
		458E2A6C24E012A6006FCDA0 /* Build configuration list for PBXNativeTarget "Lean Game" */ = {
			isa = XCConfigurationList;
			buildConfigurations = (
				458E2A6D24E012A6006FCDA0 /* Debug */,
				458E2A6E24E012A6006FCDA0 /* Release */,
			);
			defaultConfigurationIsVisible = 0;
			defaultConfigurationName = Release;
		};
		458E2A6F24E012A6006FCDA0 /* Build configuration list for PBXNativeTarget "Lean GameTests" */ = {
			isa = XCConfigurationList;
			buildConfigurations = (
				458E2A7024E012A6006FCDA0 /* Debug */,
				458E2A7124E012A6006FCDA0 /* Release */,
			);
			defaultConfigurationIsVisible = 0;
			defaultConfigurationName = Release;
		};
/* End XCConfigurationList section */
	};
	rootObject = 458E2A4524E012A4006FCDA0 /* Project object */;
}
